
Microsoft Visual Studio Solution File, Format Version 12.00
# Visual Studio Version 17
VisualStudioVersion = 17.12.35514.174
MinimumVisualStudioVersion = 10.0.40219.1
Project("{FAE04EC0-301F-11D3-BF4B-00C04F79EFBC}") = "shorturl.API", "shorturl.API\shorturl.API.csproj", "{EE1E021E-82E2-4DF3-89FB-72BCD84F3331}"
EndProject
Project("{E53339B2-1760-4266-BCC7-CA923CBCF16C}") = "docker-compose", "docker-compose.dcproj", "{3C7FB2A6-5BE5-4C80-979B-D95CBC8694A7}"
EndProject
Global
	GlobalSection(SolutionConfigurationPlatforms) = preSolution
		Debug|Any CPU = Debug|Any CPU
		Release|Any CPU = Release|Any CPU
	EndGlobalSection
	GlobalSection(ProjectConfigurationPlatforms) = postSolution
		{EE1E021E-82E2-4DF3-89FB-72BCD84F3331}.Debug|Any CPU.ActiveCfg = Debug|Any CPU
		{EE1E021E-82E2-4DF3-89FB-72BCD84F3331}.Debug|Any CPU.Build.0 = Debug|Any CPU
		{EE1E021E-82E2-4DF3-89FB-72BCD84F3331}.Release|Any CPU.ActiveCfg = Release|Any CPU
		{EE1E021E-82E2-4DF3-89FB-72BCD84F3331}.Release|Any CPU.Build.0 = Release|Any CPU
		{3C7FB2A6-5BE5-4C80-979B-D95CBC8694A7}.Debug|Any CPU.ActiveCfg = Debug|Any CPU
		{3C7FB2A6-5BE5-4C80-979B-D95CBC8694A7}.Debug|Any CPU.Build.0 = Debug|Any CPU
		{3C7FB2A6-5BE5-4C80-979B-D95CBC8694A7}.Release|Any CPU.ActiveCfg = Release|Any CPU
		{3C7FB2A6-5BE5-4C80-979B-D95CBC8694A7}.Release|Any CPU.Build.0 = Release|Any CPU
	EndGlobalSection
	GlobalSection(SolutionProperties) = preSolution
		HideSolutionNode = FALSE
	EndGlobalSection
EndGlobal
